
Microsoft Visual Studio Solution File, Format Version 12.00
# Visual Studio 2012
Project("{FAE04EC0-301F-11D3-BF4B-00C04F79EFBC}") = "RimFridge", "RimFridge.csproj", "{51CC4B00-B960-48C0-86BC-FFF427DDE297}"
EndProject
Global
	GlobalSection(SolutionConfigurationPlatforms) = preSolution
		Debug|Any CPU = Debug|Any CPU
		Release|Any CPU = Release|Any CPU
	EndGlobalSection
	GlobalSection(ProjectConfigurationPlatforms) = postSolution
		{51CC4B00-B960-48C0-86BC-FFF427DDE297}.Debug|Any CPU.ActiveCfg = Debug|Any CPU
		{51CC4B00-B960-48C0-86BC-FFF427DDE297}.Debug|Any CPU.Build.0 = Debug|Any CPU
		{51CC4B00-B960-48C0-86BC-FFF427DDE297}.Release|Any CPU.ActiveCfg = Release|Any CPU
		{51CC4B00-B960-48C0-86BC-FFF427DDE297}.Release|Any CPU.Build.0 = Release|Any CPU
	EndGlobalSection
EndGlobal
